
Microsoft Visual Studio Solution File, Format Version 12.00
# Visual Studio Version 17
VisualStudioVersion = 17.4.33110.190
MinimumVisualStudioVersion = 10.0.40219.1
Project("{FAE04EC0-301F-11D3-BF4B-00C04F79EFBC}") = "EComercio", "EComercio\EComercio.csproj", "{0A9DC30C-9090-4041-9F09-7D1527DCBCA8}"
EndProject
Global
	GlobalSection(SolutionConfigurationPlatforms) = preSolution
		Debug|Any CPU = Debug|Any CPU
		Release|Any CPU = Release|Any CPU
	EndGlobalSection
	GlobalSection(ProjectConfigurationPlatforms) = postSolution
		{0A9DC30C-9090-4041-9F09-7D1527DCBCA8}.Debug|Any CPU.ActiveCfg = Debug|Any CPU
		{0A9DC30C-9090-4041-9F09-7D1527DCBCA8}.Debug|Any CPU.Build.0 = Debug|Any CPU
		{0A9DC30C-9090-4041-9F09-7D1527DCBCA8}.Release|Any CPU.ActiveCfg = Release|Any CPU
		{0A9DC30C-9090-4041-9F09-7D1527DCBCA8}.Release|Any CPU.Build.0 = Release|Any CPU
	EndGlobalSection
	GlobalSection(SolutionProperties) = preSolution
		HideSolutionNode = FALSE
	EndGlobalSection
	GlobalSection(ExtensibilityGlobals) = postSolution
		SolutionGuid = {E1C1EFC1-99DA-424F-950D-CC9A919EA080}
	EndGlobalSection
EndGlobal
